
Microsoft Visual Studio Solution File, Format Version 12.00
Project("{FAE04EC0-301F-11D3-BF4B-00C04F79EFBC}") = "ImportMapManager", "ImportMapManager.csproj", "{B46CA35D-724B-4CF8-B831-305BC8934D7D}"
EndProject
Global
	GlobalSection(SolutionConfigurationPlatforms) = preSolution
		Debug|Any CPU = Debug|Any CPU
		Release|Any CPU = Release|Any CPU
	EndGlobalSection
	GlobalSection(ProjectConfigurationPlatforms) = postSolution
		{B46CA35D-724B-4CF8-B831-305BC8934D7D}.Debug|Any CPU.ActiveCfg = Debug|Any CPU
		{B46CA35D-724B-4CF8-B831-305BC8934D7D}.Debug|Any CPU.Build.0 = Debug|Any CPU
		{B46CA35D-724B-4CF8-B831-305BC8934D7D}.Release|Any CPU.ActiveCfg = Release|Any CPU
		{B46CA35D-724B-4CF8-B831-305BC8934D7D}.Release|Any CPU.Build.0 = Release|Any CPU
	EndGlobalSection
EndGlobal
